// !$*UTF8*$!
{
	archiveVersion = 1;
	classes = {
	};
	objectVersion = 56;
	objects = {

/* Begin PBXBuildFile section */
		CF3B56C02B88C03E00021846 /* WhyNotTryApp.swift in Sources */ = {isa = PBXBuildFile; fileRef = CF3B56BF2B88C03E00021846 /* WhyNotTryApp.swift */; };
		CF3B56C22B88C03E00021846 /* ContentView.swift in Sources */ = {isa = PBXBuildFile; fileRef = CF3B56C12B88C03E00021846 /* ContentView.swift */; };
		CF3B56C42B88C04000021846 /* Assets.xcassets in Resources */ = {isa = PBXBuildFile; fileRef = CF3B56C32B88C04000021846 /* Assets.xcassets */; };
		CF3B56C82B88C04000021846 /* Preview Assets.xcassets in Resources */ = {isa = PBXBuildFile; fileRef = CF3B56C72B88C04000021846 /* Preview Assets.xcassets */; };
		CF3B56D22B88C04000021846 /* WhyNotTryTests.swift in Sources */ = {isa = PBXBuildFile; fileRef = CF3B56D12B88C04000021846 /* WhyNotTryTests.swift */; };
		CF3B56DC2B88C04000021846 /* WhyNotTryUITests.swift in Sources */ = {isa = PBXBuildFile; fileRef = CF3B56DB2B88C04000021846 /* WhyNotTryUITests.swift */; };
		CF3B56DE2B88C04000021846 /* WhyNotTryUITestsLaunchTests.swift in Sources */ = {isa = PBXBuildFile; fileRef = CF3B56DD2B88C04000021846 /* WhyNotTryUITestsLaunchTests.swift */; };
/* End PBXBuildFile section */

/* Begin PBXContainerItemProxy section */
		CF3B56CE2B88C04000021846 /* PBXContainerItemProxy */ = {
			isa = PBXContainerItemProxy;
			containerPortal = CF3B56B42B88C03E00021846 /* Project object */;
			proxyType = 1;
			remoteGlobalIDString = CF3B56BB2B88C03E00021846;
			remoteInfo = WhyNotTry;
		};
		CF3B56D82B88C04000021846 /* PBXContainerItemProxy */ = {
			isa = PBXContainerItemProxy;
			containerPortal = CF3B56B42B88C03E00021846 /* Project object */;
			proxyType = 1;
			remoteGlobalIDString = CF3B56BB2B88C03E00021846;
			remoteInfo = WhyNotTry;
		};
/* End PBXContainerItemProxy section */

/* Begin PBXFileReference section */
		CF3B56BC2B88C03E00021846 /* WhyNotTry.app */ = {isa = PBXFileReference; explicitFileType = wrapper.application; includeInIndex = 0; path = WhyNotTry.app; sourceTree = BUILT_PRODUCTS_DIR; };
		CF3B56BF2B88C03E00021846 /* WhyNotTryApp.swift */ = {isa = PBXFileReference; lastKnownFileType = sourcecode.swift; path = WhyNotTryApp.swift; sourceTree = "<group>"; };
		CF3B56C12B88C03E00021846 /* ContentView.swift */ = {isa = PBXFileReference; lastKnownFileType = sourcecode.swift; path = ContentView.swift; sourceTree = "<group>"; };
		CF3B56C32B88C04000021846 /* Assets.xcassets */ = {isa = PBXFileReference; lastKnownFileType = folder.assetcatalog; path = Assets.xcassets; sourceTree = "<group>"; };
		CF3B56C52B88C04000021846 /* WhyNotTry.entitlements */ = {isa = PBXFileReference; lastKnownFileType = text.plist.entitlements; path = WhyNotTry.entitlements; sourceTree = "<group>"; };
		CF3B56C72B88C04000021846 /* Preview Assets.xcassets */ = {isa = PBXFileReference; lastKnownFileType = folder.assetcatalog; path = "Preview Assets.xcassets"; sourceTree = "<group>"; };
		CF3B56CD2B88C04000021846 /* WhyNotTryTests.xctest */ = {isa = PBXFileReference; explicitFileType = wrapper.cfbundle; includeInIndex = 0; path = WhyNotTryTests.xctest; sourceTree = BUILT_PRODUCTS_DIR; };
		CF3B56D12B88C04000021846 /* WhyNotTryTests.swift */ = {isa = PBXFileReference; lastKnownFileType = sourcecode.swift; path = WhyNotTryTests.swift; sourceTree = "<group>"; };
		CF3B56D72B88C04000021846 /* WhyNotTryUITests.xctest */ = {isa = PBXFileReference; explicitFileType = wrapper.cfbundle; includeInIndex = 0; path = WhyNotTryUITests.xctest; sourceTree = BUILT_PRODUCTS_DIR; };
		CF3B56DB2B88C04000021846 /* WhyNotTryUITests.swift */ = {isa = PBXFileReference; lastKnownFileType = sourcecode.swift; path = WhyNotTryUITests.swift; sourceTree = "<group>"; };
		CF3B56DD2B88C04000021846 /* WhyNotTryUITestsLaunchTests.swift */ = {isa = PBXFileReference; lastKnownFileType = sourcecode.swift; path = WhyNotTryUITestsLaunchTests.swift; sourceTree = "<group>"; };
/* End PBXFileReference section */

/* Begin PBXFrameworksBuildPhase section */
		CF3B56B92B88C03E00021846 /* Frameworks */ = {
			isa = PBXFrameworksBuildPhase;
			buildActionMask = 2147483647;
			files = (
			);
			runOnlyForDeploymentPostprocessing = 0;
		};
		CF3B56CA2B88C04000021846 /* Frameworks */ = {
			isa = PBXFrameworksBuildPhase;
			buildActionMask = 2147483647;
			files = (
			);
			runOnlyForDeploymentPostprocessing = 0;
		};
		CF3B56D42B88C04000021846 /* Frameworks */ = {
			isa = PBXFrameworksBuildPhase;
			buildActionMask = 2147483647;
			files = (
			);
			runOnlyForDeploymentPostprocessing = 0;
		};
/* End PBXFrameworksBuildPhase section */

/* Begin PBXGroup section */
		CF3B56B32B88C03E00021846 = {
			isa = PBXGroup;
			children = (
				CF3B56BE2B88C03E00021846 /* WhyNotTry */,
				CF3B56D02B88C04000021846 /* WhyNotTryTests */,
				CF3B56DA2B88C04000021846 /* WhyNotTryUITests */,
				CF3B56BD2B88C03E00021846 /* Products */,
			);
			sourceTree = "<group>";
		};
		CF3B56BD2B88C03E00021846 /* Products */ = {
			isa = PBXGroup;
			children = (
				CF3B56BC2B88C03E00021846 /* WhyNotTry.app */,
				CF3B56CD2B88C04000021846 /* WhyNotTryTests.xctest */,
				CF3B56D72B88C04000021846 /* WhyNotTryUITests.xctest */,
			);
			name = Products;
			sourceTree = "<group>";
		};
		CF3B56BE2B88C03E00021846 /* WhyNotTry */ = {
			isa = PBXGroup;
			children = (
				CF3B56BF2B88C03E00021846 /* WhyNotTryApp.swift */,
				CF3B56C12B88C03E00021846 /* ContentView.swift */,
				CF3B56C32B88C04000021846 /* Assets.xcassets */,
				CF3B56C52B88C04000021846 /* WhyNotTry.entitlements */,
				CF3B56C62B88C04000021846 /* Preview Content */,
			);
			path = WhyNotTry;
			sourceTree = "<group>";
		};
		CF3B56C62B88C04000021846 /* Preview Content */ = {
			isa = PBXGroup;
			children = (
				CF3B56C72B88C04000021846 /* Preview Assets.xcassets */,
			);
			path = "Preview Content";
			sourceTree = "<group>";
		};
		CF3B56D02B88C04000021846 /* WhyNotTryTests */ = {
			isa = PBXGroup;
			children = (
				CF3B56D12B88C04000021846 /* WhyNotTryTests.swift */,
			);
			path = WhyNotTryTests;
			sourceTree = "<group>";
		};
		CF3B56DA2B88C04000021846 /* WhyNotTryUITests */ = {
			isa = PBXGroup;
			children = (
				CF3B56DB2B88C04000021846 /* WhyNotTryUITests.swift */,
				CF3B56DD2B88C04000021846 /* WhyNotTryUITestsLaunchTests.swift */,
			);
			path = WhyNotTryUITests;
			sourceTree = "<group>";
		};
/* End PBXGroup section */

/* Begin PBXNativeTarget section */
		CF3B56BB2B88C03E00021846 /* WhyNotTry */ = {
			isa = PBXNativeTarget;
			buildConfigurationList = CF3B56E12B88C04000021846 /* Build configuration list for PBXNativeTarget "WhyNotTry" */;
			buildPhases = (
				CF3B56B82B88C03E00021846 /* Sources */,
				CF3B56B92B88C03E00021846 /* Frameworks */,
				CF3B56BA2B88C03E00021846 /* Resources */,
			);
			buildRules = (
			);
			dependencies = (
			);
			name = WhyNotTry;
			productName = WhyNotTry;
			productReference = CF3B56BC2B88C03E00021846 /* WhyNotTry.app */;
			productType = "com.apple.product-type.application";
		};
		CF3B56CC2B88C04000021846 /* WhyNotTryTests */ = {
			isa = PBXNativeTarget;
			buildConfigurationList = CF3B56E42B88C04000021846 /* Build configuration list for PBXNativeTarget "WhyNotTryTests" */;
			buildPhases = (
				CF3B56C92B88C04000021846 /* Sources */,
				CF3B56CA2B88C04000021846 /* Frameworks */,
				CF3B56CB2B88C04000021846 /* Resources */,
			);
			buildRules = (
			);
			dependencies = (
				CF3B56CF2B88C04000021846 /* PBXTargetDependency */,
			);
			name = WhyNotTryTests;
			productName = WhyNotTryTests;
			productReference = CF3B56CD2B88C04000021846 /* WhyNotTryTests.xctest */;
			productType = "com.apple.product-type.bundle.unit-test";
		};
		CF3B56D62B88C04000021846 /* WhyNotTryUITests */ = {
			isa = PBXNativeTarget;
			buildConfigurationList = CF3B56E72B88C04000021846 /* Build configuration list for PBXNativeTarget "WhyNotTryUITests" */;
			buildPhases = (
				CF3B56D32B88C04000021846 /* Sources */,
				CF3B56D42B88C04000021846 /* Frameworks */,
				CF3B56D52B88C04000021846 /* Resources */,
			);
			buildRules = (
			);
			dependencies = (
				CF3B56D92B88C04000021846 /* PBXTargetDependency */,
			);
			name = WhyNotTryUITests;
			productName = WhyNotTryUITests;
			productReference = CF3B56D72B88C04000021846 /* WhyNotTryUITests.xctest */;
			productType = "com.apple.product-type.bundle.ui-testing";
		};
/* End PBXNativeTarget section */

/* Begin PBXProject section */
		CF3B56B42B88C03E00021846 /* Project object */ = {
			isa = PBXProject;
			attributes = {
				BuildIndependentTargetsInParallel = 1;
				LastSwiftUpdateCheck = 1520;
				LastUpgradeCheck = 1520;
				TargetAttributes = {
					CF3B56BB2B88C03E00021846 = {
						CreatedOnToolsVersion = 15.2;
					};
					CF3B56CC2B88C04000021846 = {
						CreatedOnToolsVersion = 15.2;
						TestTargetID = CF3B56BB2B88C03E00021846;
					};
					CF3B56D62B88C04000021846 = {
						CreatedOnToolsVersion = 15.2;
						TestTargetID = CF3B56BB2B88C03E00021846;
					};
				};
			};
			buildConfigurationList = CF3B56B72B88C03E00021846 /* Build configuration list for PBXProject "WhyNotTry" */;
			compatibilityVersion = "Xcode 14.0";
			developmentRegion = en;
			hasScannedForEncodings = 0;
			knownRegions = (
				en,
				Base,
			);
			mainGroup = CF3B56B32B88C03E00021846;
			productRefGroup = CF3B56BD2B88C03E00021846 /* Products */;
			projectDirPath = "";
			projectRoot = "";
			targets = (
				CF3B56BB2B88C03E00021846 /* WhyNotTry */,
				CF3B56CC2B88C04000021846 /* WhyNotTryTests */,
				CF3B56D62B88C04000021846 /* WhyNotTryUITests */,
			);
		};
/* End PBXProject section */

/* Begin PBXResourcesBuildPhase section */
		CF3B56BA2B88C03E00021846 /* Resources */ = {
			isa = PBXResourcesBuildPhase;
			buildActionMask = 2147483647;
			files = (
				CF3B56C82B88C04000021846 /* Preview Assets.xcassets in Resources */,
				CF3B56C42B88C04000021846 /* Assets.xcassets in Resources */,
			);
			runOnlyForDeploymentPostprocessing = 0;
		};
		CF3B56CB2B88C04000021846 /* Resources */ = {
			isa = PBXResourcesBuildPhase;
			buildActionMask = 2147483647;
			files = (
			);
			runOnlyForDeploymentPostprocessing = 0;
		};
		CF3B56D52B88C04000021846 /* Resources */ = {
			isa = PBXResourcesBuildPhase;
			buildActionMask = 2147483647;
			files = (
			);
			runOnlyForDeploymentPostprocessing = 0;
		};
/* End PBXResourcesBuildPhase section */

/* Begin PBXSourcesBuildPhase section */
		CF3B56B82B88C03E00021846 /* Sources */ = {
			isa = PBXSourcesBuildPhase;
			buildActionMask = 2147483647;
			files = (
				CF3B56C22B88C03E00021846 /* ContentView.swift in Sources */,
				CF3B56C02B88C03E00021846 /* WhyNotTryApp.swift in Sources */,
			);
			runOnlyForDeploymentPostprocessing = 0;
		};
		CF3B56C92B88C04000021846 /* Sources */ = {
			isa = PBXSourcesBuildPhase;
			buildActionMask = 2147483647;
			files = (
				CF3B56D22B88C04000021846 /* WhyNotTryTests.swift in Sources */,
			);
			runOnlyForDeploymentPostprocessing = 0;
		};
		CF3B56D32B88C04000021846 /* Sources */ = {
			isa = PBXSourcesBuildPhase;
			buildActionMask = 2147483647;
			files = (
				CF3B56DC2B88C04000021846 /* WhyNotTryUITests.swift in Sources */,
				CF3B56DE2B88C04000021846 /* WhyNotTryUITestsLaunchTests.swift in Sources */,
			);
			runOnlyForDeploymentPostprocessing = 0;
		};
/* End PBXSourcesBuildPhase section */

/* Begin PBXTargetDependency section */
		CF3B56CF2B88C04000021846 /* PBXTargetDependency */ = {
			isa = PBXTargetDependency;
			target = CF3B56BB2B88C03E00021846 /* WhyNotTry */;
			targetProxy = CF3B56CE2B88C04000021846 /* PBXContainerItemProxy */;
		};
		CF3B56D92B88C04000021846 /* PBXTargetDependency */ = {
			isa = PBXTargetDependency;
			target = CF3B56BB2B88C03E00021846 /* WhyNotTry */;
			targetProxy = CF3B56D82B88C04000021846 /* PBXContainerItemProxy */;
		};
/* End PBXTargetDependency section */

/* Begin XCBuildConfiguration section */
		CF3B56DF2B88C04000021846 /* Debug */ = {
			isa = XCBuildConfiguration;
			buildSettings = {
				ALWAYS_SEARCH_USER_PATHS = NO;
				ASSETCATALOG_COMPILER_GENERATE_SWIFT_ASSET_SYMBOL_EXTENSIONS = YES;
				CLANG_ANALYZER_NONNULL = YES;
				CLANG_ANALYZER_NUMBER_OBJECT_CONVERSION = YES_AGGRESSIVE;
				CLANG_CXX_LANGUAGE_STANDARD = "gnu++20";
				CLANG_ENABLE_MODULES = YES;
				CLANG_ENABLE_OBJC_ARC = YES;
				CLANG_ENABLE_OBJC_WEAK = YES;
				CLANG_WARN_BLOCK_CAPTURE_AUTORELEASING = YES;
				CLANG_WARN_BOOL_CONVERSION = YES;
				CLANG_WARN_COMMA = YES;
				CLANG_WARN_CONSTANT_CONVERSION = YES;
				CLANG_WARN_DEPRECATED_OBJC_IMPLEMENTATIONS = YES;
				CLANG_WARN_DIRECT_OBJC_ISA_USAGE = YES_ERROR;
				CLANG_WARN_DOCUMENTATION_COMMENTS = YES;
				CLANG_WARN_EMPTY_BODY = YES;
				CLANG_WARN_ENUM_CONVERSION = YES;
				CLANG_WARN_INFINITE_RECURSION = YES;
				CLANG_WARN_INT_CONVERSION = YES;
				CLANG_WARN_NON_LITERAL_NULL_CONVERSION = YES;
				CLANG_WARN_OBJC_IMPLICIT_RETAIN_SELF = YES;
				CLANG_WARN_OBJC_LITERAL_CONVERSION = YES;
				CLANG_WARN_OBJC_ROOT_CLASS = YES_ERROR;
				CLANG_WARN_QUOTED_INCLUDE_IN_FRAMEWORK_HEADER = YES;
				CLANG_WARN_RANGE_LOOP_ANALYSIS = YES;
				CLANG_WARN_STRICT_PROTOTYPES = YES;
				CLANG_WARN_SUSPICIOUS_MOVE = YES;
				CLANG_WARN_UNGUARDED_AVAILABILITY = YES_AGGRESSIVE;
				CLANG_WARN_UNREACHABLE_CODE = YES;
				CLANG_WARN__DUPLICATE_METHOD_MATCH = YES;
				COPY_PHASE_STRIP = NO;
				DEBUG_INFORMATION_FORMAT = dwarf;
				ENABLE_STRICT_OBJC_MSGSEND = YES;
				ENABLE_TESTABILITY = YES;
				ENABLE_USER_SCRIPT_SANDBOXING = YES;
				GCC_C_LANGUAGE_STANDARD = gnu17;
				GCC_DYNAMIC_NO_PIC = NO;
				GCC_NO_COMMON_BLOCKS = YES;
				GCC_OPTIMIZATION_LEVEL = 0;
				GCC_PREPROCESSOR_DEFINITIONS = (
					"DEBUG=1",
					"$(inherited)",
				);
				GCC_WARN_64_TO_32_BIT_CONVERSION = YES;
				GCC_WARN_ABOUT_RETURN_TYPE = YES_ERROR;
				GCC_WARN_UNDECLARED_SELECTOR = YES;
				GCC_WARN_UNINITIALIZED_AUTOS = YES_AGGRESSIVE;
				GCC_WARN_UNUSED_FUNCTION = YES;
				GCC_WARN_UNUSED_VARIABLE = YES;
				LOCALIZATION_PREFERS_STRING_CATALOGS = YES;
				MTL_ENABLE_DEBUG_INFO = INCLUDE_SOURCE;
				MTL_FAST_MATH = YES;
				ONLY_ACTIVE_ARCH = YES;
				SWIFT_ACTIVE_COMPILATION_CONDITIONS = "DEBUG $(inherited)";
				SWIFT_OPTIMIZATION_LEVEL = "-Onone";
			};
			name = Debug;
		};
		CF3B56E02B88C04000021846 /* Release */ = {
			isa = XCBuildConfiguration;
			buildSettings = {
				ALWAYS_SEARCH_USER_PATHS = NO;
				ASSETCATALOG_COMPILER_GENERATE_SWIFT_ASSET_SYMBOL_EXTENSIONS = YES;
				CLANG_ANALYZER_NONNULL = YES;
				CLANG_ANALYZER_NUMBER_OBJECT_CONVERSION = YES_AGGRESSIVE;
				CLANG_CXX_LANGUAGE_STANDARD = "gnu++20";
				CLANG_ENABLE_MODULES = YES;
				CLANG_ENABLE_OBJC_ARC = YES;
				CLANG_ENABLE_OBJC_WEAK = YES;
				CLANG_WARN_BLOCK_CAPTURE_AUTORELEASING = YES;
				CLANG_WARN_BOOL_CONVERSION = YES;
				CLANG_WARN_COMMA = YES;
				CLANG_WARN_CONSTANT_CONVERSION = YES;
				CLANG_WARN_DEPRECATED_OBJC_IMPLEMENTATIONS = YES;
				CLANG_WARN_DIRECT_OBJC_ISA_USAGE = YES_ERROR;
				CLANG_WARN_DOCUMENTATION_COMMENTS = YES;
				CLANG_WARN_EMPTY_BODY = YES;
				CLANG_WARN_ENUM_CONVERSION = YES;
				CLANG_WARN_INFINITE_RECURSION = YES;
				CLANG_WARN_INT_CONVERSION = YES;
				CLANG_WARN_NON_LITERAL_NULL_CONVERSION = YES;
				CLANG_WARN_OBJC_IMPLICIT_RETAIN_SELF = YES;
				CLANG_WARN_OBJC_LITERAL_CONVERSION = YES;
				CLANG_WARN_OBJC_ROOT_CLASS = YES_ERROR;
				CLANG_WARN_QUOTED_INCLUDE_IN_FRAMEWORK_HEADER = YES;
				CLANG_WARN_RANGE_LOOP_ANALYSIS = YES;
				CLANG_WARN_STRICT_PROTOTYPES = YES;
				CLANG_WARN_SUSPICIOUS_MOVE = YES;
				CLANG_WARN_UNGUARDED_AVAILABILITY = YES_AGGRESSIVE;
				CLANG_WARN_UNREACHABLE_CODE = YES;
				CLANG_WARN__DUPLICATE_METHOD_MATCH = YES;
				COPY_PHASE_STRIP = NO;
				DEBUG_INFORMATION_FORMAT = "dwarf-with-dsym";
				ENABLE_NS_ASSERTIONS = NO;
				ENABLE_STRICT_OBJC_MSGSEND = YES;
				ENABLE_USER_SCRIPT_SANDBOXING = YES;
				GCC_C_LANGUAGE_STANDARD = gnu17;
				GCC_NO_COMMON_BLOCKS = YES;
				GCC_WARN_64_TO_32_BIT_CONVERSION = YES;
				GCC_WARN_ABOUT_RETURN_TYPE = YES_ERROR;
				GCC_WARN_UNDECLARED_SELECTOR = YES;
				GCC_WARN_UNINITIALIZED_AUTOS = YES_AGGRESSIVE;
				GCC_WARN_UNUSED_FUNCTION = YES;
				GCC_WARN_UNUSED_VARIABLE = YES;
				LOCALIZATION_PREFERS_STRING_CATALOGS = YES;
				MTL_ENABLE_DEBUG_INFO = NO;
				MTL_FAST_MATH = YES;
				SWIFT_COMPILATION_MODE = wholemodule;
			};
			name = Release;
		};
		CF3B56E22B88C04000021846 /* Debug */ = {
			isa = XCBuildConfiguration;
			buildSettings = {
				ASSETCATALOG_COMPILER_APPICON_NAME = AppIcon;
				ASSETCATALOG_COMPILER_GLOBAL_ACCENT_COLOR_NAME = AccentColor;
				CODE_SIGN_ENTITLEMENTS = WhyNotTry/WhyNotTry.entitlements;
				CODE_SIGN_STYLE = Automatic;
				CURRENT_PROJECT_VERSION = 1;
				DEVELOPMENT_ASSET_PATHS = "\"WhyNotTry/Preview Content\"";
				DEVELOPMENT_TEAM = FX4P3UD9H2;
				ENABLE_HARDENED_RUNTIME = YES;
				ENABLE_PREVIEWS = YES;
				GENERATE_INFOPLIST_FILE = YES;
				"INFOPLIST_KEY_UIApplicationSceneManifest_Generation[sdk=iphoneos*]" = YES;
				"INFOPLIST_KEY_UIApplicationSceneManifest_Generation[sdk=iphonesimulator*]" = YES;
				"INFOPLIST_KEY_UIApplicationSupportsIndirectInputEvents[sdk=iphoneos*]" = YES;
				"INFOPLIST_KEY_UIApplicationSupportsIndirectInputEvents[sdk=iphonesimulator*]" = YES;
				"INFOPLIST_KEY_UILaunchScreen_Generation[sdk=iphoneos*]" = YES;
				"INFOPLIST_KEY_UILaunchScreen_Generation[sdk=iphonesimulator*]" = YES;
				"INFOPLIST_KEY_UIStatusBarStyle[sdk=iphoneos*]" = UIStatusBarStyleDefault;
				"INFOPLIST_KEY_UIStatusBarStyle[sdk=iphonesimulator*]" = UIStatusBarStyleDefault;
				INFOPLIST_KEY_UISupportedInterfaceOrientations_iPad = "UIInterfaceOrientationPortrait UIInterfaceOrientationPortraitUpsideDown UIInterfaceOrientationLandscapeLeft UIInterfaceOrientationLandscapeRight";
				INFOPLIST_KEY_UISupportedInterfaceOrientations_iPhone = "UIInterfaceOrientationPortrait UIInterfaceOrientationLandscapeLeft UIInterfaceOrientationLandscapeRight";
				IPHONEOS_DEPLOYMENT_TARGET = 17.2;
				LD_RUNPATH_SEARCH_PATHS = "@executable_path/Frameworks";
				"LD_RUNPATH_SEARCH_PATHS[sdk=macosx*]" = "@executable_path/../Frameworks";
				MACOSX_DEPLOYMENT_TARGET = 14.2;
				MARKETING_VERSION = 1.0;
				PRODUCT_BUNDLE_IDENTIFIER = com.example.WhyNotTry;
				PRODUCT_NAME = "$(TARGET_NAME)";
				SDKROOT = auto;
				SUPPORTED_PLATFORMS = "iphoneos iphonesimulator macosx";
				SWIFT_EMIT_LOC_STRINGS = YES;
				SWIFT_VERSION = 5.0;
				TARGETED_DEVICE_FAMILY = "1,2";
			};
			name = Debug;
		};
		CF3B56E32B88C04000021846 /* Release */ = {
			isa = XCBuildConfiguration;
			buildSettings = {
				ASSETCATALOG_COMPILER_APPICON_NAME = AppIcon;
				ASSETCATALOG_COMPILER_GLOBAL_ACCENT_COLOR_NAME = AccentColor;
				CODE_SIGN_ENTITLEMENTS = WhyNotTry/WhyNotTry.entitlements;
				CODE_SIGN_STYLE = Automatic;
				CURRENT_PROJECT_VERSION = 1;
				DEVELOPMENT_ASSET_PATHS = "\"WhyNotTry/Preview Content\"";
				DEVELOPMENT_TEAM = FX4P3UD9H2;
				ENABLE_HARDENED_RUNTIME = YES;
				ENABLE_PREVIEWS = YES;
				GENERATE_INFOPLIST_FILE = YES;
				"INFOPLIST_KEY_UIApplicationSceneManifest_Generation[sdk=iphoneos*]" = YES;
				"INFOPLIST_KEY_UIApplicationSceneManifest_Generation[sdk=iphonesimulator*]" = YES;
				"INFOPLIST_KEY_UIApplicationSupportsIndirectInputEvents[sdk=iphoneos*]" = YES;
				"INFOPLIST_KEY_UIApplicationSupportsIndirectInputEvents[sdk=iphonesimulator*]" = YES;
				"INFOPLIST_KEY_UILaunchScreen_Generation[sdk=iphoneos*]" = YES;
				"INFOPLIST_KEY_UILaunchScreen_Generation[sdk=iphonesimulator*]" = YES;
				"INFOPLIST_KEY_UIStatusBarStyle[sdk=iphoneos*]" = UIStatusBarStyleDefault;
				"INFOPLIST_KEY_UIStatusBarStyle[sdk=iphonesimulator*]" = UIStatusBarStyleDefault;
				INFOPLIST_KEY_UISupportedInterfaceOrientations_iPad = "UIInterfaceOrientationPortrait UIInterfaceOrientationPortraitUpsideDown UIInterfaceOrientationLandscapeLeft UIInterfaceOrientationLandscapeRight";
				INFOPLIST_KEY_UISupportedInterfaceOrientations_iPhone = "UIInterfaceOrientationPortrait UIInterfaceOrientationLandscapeLeft UIInterfaceOrientationLandscapeRight";
				IPHONEOS_DEPLOYMENT_TARGET = 17.2;
				LD_RUNPATH_SEARCH_PATHS = "@executable_path/Frameworks";
				"LD_RUNPATH_SEARCH_PATHS[sdk=macosx*]" = "@executable_path/../Frameworks";
				MACOSX_DEPLOYMENT_TARGET = 14.2;
				MARKETING_VERSION = 1.0;
				PRODUCT_BUNDLE_IDENTIFIER = com.example.WhyNotTry;
				PRODUCT_NAME = "$(TARGET_NAME)";
				SDKROOT = auto;
				SUPPORTED_PLATFORMS = "iphoneos iphonesimulator macosx";
				SWIFT_EMIT_LOC_STRINGS = YES;
				SWIFT_VERSION = 5.0;
				TARGETED_DEVICE_FAMILY = "1,2";
			};
			name = Release;
		};
		CF3B56E52B88C04000021846 /* Debug */ = {
			isa = XCBuildConfiguration;
			buildSettings = {
				ALWAYS_EMBED_SWIFT_STANDARD_LIBRARIES = YES;
				BUNDLE_LOADER = "$(TEST_HOST)";
				CODE_SIGN_STYLE = Automatic;
				CURRENT_PROJECT_VERSION = 1;
				DEVELOPMENT_TEAM = FX4P3UD9H2;
				GENERATE_INFOPLIST_FILE = YES;
				IPHONEOS_DEPLOYMENT_TARGET = 17.2;
				MACOSX_DEPLOYMENT_TARGET = 14.2;
				MARKETING_VERSION = 1.0;
				PRODUCT_BUNDLE_IDENTIFIER = com.example.WhyNotTryTests;
				PRODUCT_NAME = "$(TARGET_NAME)";
				SDKROOT = auto;
				SUPPORTED_PLATFORMS = "iphoneos iphonesimulator macosx";
				SWIFT_EMIT_LOC_STRINGS = NO;
				SWIFT_VERSION = 5.0;
				TARGETED_DEVICE_FAMILY = "1,2";
				TEST_HOST = "$(BUILT_PRODUCTS_DIR)/WhyNotTry.app/$(BUNDLE_EXECUTABLE_FOLDER_PATH)/WhyNotTry";
			};
			name = Debug;
		};
		CF3B56E62B88C04000021846 /* Release */ = {
			isa = XCBuildConfiguration;
			buildSettings = {
				ALWAYS_EMBED_SWIFT_STANDARD_LIBRARIES = YES;
				BUNDLE_LOADER = "$(TEST_HOST)";
				CODE_SIGN_STYLE = Automatic;
				CURRENT_PROJECT_VERSION = 1;
				DEVELOPMENT_TEAM = FX4P3UD9H2;
				GENERATE_INFOPLIST_FILE = YES;
				IPHONEOS_DEPLOYMENT_TARGET = 17.2;
				MACOSX_DEPLOYMENT_TARGET = 14.2;
				MARKETING_VERSION = 1.0;
				PRODUCT_BUNDLE_IDENTIFIER = com.example.WhyNotTryTests;
				PRODUCT_NAME = "$(TARGET_NAME)";
				SDKROOT = auto;
				SUPPORTED_PLATFORMS = "iphoneos iphonesimulator macosx";
				SWIFT_EMIT_LOC_STRINGS = NO;
				SWIFT_VERSION = 5.0;
				TARGETED_DEVICE_FAMILY = "1,2";
				TEST_HOST = "$(BUILT_PRODUCTS_DIR)/WhyNotTry.app/$(BUNDLE_EXECUTABLE_FOLDER_PATH)/WhyNotTry";
			};
			name = Release;
		};
		CF3B56E82B88C04000021846 /* Debug */ = {
			isa = XCBuildConfiguration;
			buildSettings = {
				ALWAYS_EMBED_SWIFT_STANDARD_LIBRARIES = YES;
				CODE_SIGN_STYLE = Automatic;
				CURRENT_PROJECT_VERSION = 1;
				DEVELOPMENT_TEAM = FX4P3UD9H2;
				GENERATE_INFOPLIST_FILE = YES;
				IPHONEOS_DEPLOYMENT_TARGET = 17.2;
				MACOSX_DEPLOYMENT_TARGET = 14.2;
				MARKETING_VERSION = 1.0;
				PRODUCT_BUNDLE_IDENTIFIER = com.example.WhyNotTryUITests;
				PRODUCT_NAME = "$(TARGET_NAME)";
				SDKROOT = auto;
				SUPPORTED_PLATFORMS = "iphoneos iphonesimulator macosx";
				SWIFT_EMIT_LOC_STRINGS = NO;
				SWIFT_VERSION = 5.0;
				TARGETED_DEVICE_FAMILY = "1,2";
				TEST_TARGET_NAME = WhyNotTry;
			};
			name = Debug;
		};
		CF3B56E92B88C04000021846 /* Release */ = {
			isa = XCBuildConfiguration;
			buildSettings = {
				ALWAYS_EMBED_SWIFT_STANDARD_LIBRARIES = YES;
				CODE_SIGN_STYLE = Automatic;
				CURRENT_PROJECT_VERSION = 1;
				DEVELOPMENT_TEAM = FX4P3UD9H2;
				GENERATE_INFOPLIST_FILE = YES;
				IPHONEOS_DEPLOYMENT_TARGET = 17.2;
				MACOSX_DEPLOYMENT_TARGET = 14.2;
				MARKETING_VERSION = 1.0;
				PRODUCT_BUNDLE_IDENTIFIER = com.example.WhyNotTryUITests;
				PRODUCT_NAME = "$(TARGET_NAME)";
				SDKROOT = auto;
				SUPPORTED_PLATFORMS = "iphoneos iphonesimulator macosx";
				SWIFT_EMIT_LOC_STRINGS = NO;
				SWIFT_VERSION = 5.0;
				TARGETED_DEVICE_FAMILY = "1,2";
				TEST_TARGET_NAME = WhyNotTry;
			};
			name = Release;
		};
/* End XCBuildConfiguration section */

/* Begin XCConfigurationList section */
		CF3B56B72B88C03E00021846 /* Build configuration list for PBXProject "WhyNotTry" */ = {
			isa = XCConfigurationList;
			buildConfigurations = (
				CF3B56DF2B88C04000021846 /* Debug */,
				CF3B56E02B88C04000021846 /* Release */,
			);
			defaultConfigurationIsVisible = 0;
			defaultConfigurationName = Release;
		};
		CF3B56E12B88C04000021846 /* Build configuration list for PBXNativeTarget "WhyNotTry" */ = {
			isa = XCConfigurationList;
			buildConfigurations = (
				CF3B56E22B88C04000021846 /* Debug */,
				CF3B56E32B88C04000021846 /* Release */,
			);
			defaultConfigurationIsVisible = 0;
			defaultConfigurationName = Release;
		};
		CF3B56E42B88C04000021846 /* Build configuration list for PBXNativeTarget "WhyNotTryTests" */ = {
			isa = XCConfigurationList;
			buildConfigurations = (
				CF3B56E52B88C04000021846 /* Debug */,
				CF3B56E62B88C04000021846 /* Release */,
			);
			defaultConfigurationIsVisible = 0;
			defaultConfigurationName = Release;
		};
		CF3B56E72B88C04000021846 /* Build configuration list for PBXNativeTarget "WhyNotTryUITests" */ = {
			isa = XCConfigurationList;
			buildConfigurations = (
				CF3B56E82B88C04000021846 /* Debug */,
				CF3B56E92B88C04000021846 /* Release */,
			);
			defaultConfigurationIsVisible = 0;
			defaultConfigurationName = Release;
		};
/* End XCConfigurationList section */
	};
	rootObject = CF3B56B42B88C03E00021846 /* Project object */;
}
